
Microsoft Visual Studio Solution File, Format Version 12.00
# Visual Studio 15
VisualStudioVersion = 15.0.28307.168
MinimumVisualStudioVersion = 10.0.40219.1
Project("{FAE04EC0-301F-11D3-BF4B-00C04F79EFBC}") = "SistemaWebProdutos", "SistemaWebProdutos\SistemaWebProdutos.csproj", "{6B1DDD3F-F192-43CF-A9F9-11DD73D5966F}"
EndProject
Global
	GlobalSection(SolutionConfigurationPlatforms) = preSolution
		Debug|Any CPU = Debug|Any CPU
		Release|Any CPU = Release|Any CPU
	EndGlobalSection
	GlobalSection(ProjectConfigurationPlatforms) = postSolution
		{6B1DDD3F-F192-43CF-A9F9-11DD73D5966F}.Debug|Any CPU.ActiveCfg = Debug|Any CPU
		{6B1DDD3F-F192-43CF-A9F9-11DD73D5966F}.Debug|Any CPU.Build.0 = Debug|Any CPU
		{6B1DDD3F-F192-43CF-A9F9-11DD73D5966F}.Release|Any CPU.ActiveCfg = Release|Any CPU
		{6B1DDD3F-F192-43CF-A9F9-11DD73D5966F}.Release|Any CPU.Build.0 = Release|Any CPU
	EndGlobalSection
	GlobalSection(SolutionProperties) = preSolution
		HideSolutionNode = FALSE
	EndGlobalSection
	GlobalSection(ExtensibilityGlobals) = postSolution
		SolutionGuid = {3512B2FE-DACA-46FA-B166-755765444B57}
	EndGlobalSection
EndGlobal
